// !$*UTF8*$!
{
	archiveVersion = 1;
	classes = {
	};
	objectVersion = 46;
	objects = {

/* Begin PBXBuildFile section */
		621C6C501DE6FD9A00CCB5A9 /* main.cpp in Sources */ = {isa = PBXBuildFile; fileRef = 621C6C4F1DE6FD9A00CCB5A9 /* main.cpp */; };
/* End PBXBuildFile section */

/* Begin PBXCopyFilesBuildPhase section */
		621C6C4A1DE6FD9900CCB5A9 /* CopyFiles */ = {
			isa = PBXCopyFilesBuildPhase;
			buildActionMask = 2147483647;
			dstPath = /usr/share/man/man1/;
			dstSubfolderSpec = 0;
			files = (
			);
			runOnlyForDeploymentPostprocessing = 1;
		};
/* End PBXCopyFilesBuildPhase section */

/* Begin PBXFileReference section */
		621C6C4C1DE6FD9A00CCB5A9 /* SSanta */ = {isa = PBXFileReference; explicitFileType = "compiled.mach-o.executable"; includeInIndex = 0; path = SSanta; sourceTree = BUILT_PRODUCTS_DIR; };
		621C6C4F1DE6FD9A00CCB5A9 /* main.cpp */ = {isa = PBXFileReference; lastKnownFileType = sourcecode.cpp.cpp; path = main.cpp; sourceTree = "<group>"; };
		621C6C561DE70D8500CCB5A9 /* header.h */ = {isa = PBXFileReference; lastKnownFileType = sourcecode.c.h; name = header.h; path = ../header.h; sourceTree = "<group>"; };
/* End PBXFileReference section */

/* Begin PBXFrameworksBuildPhase section */
		621C6C491DE6FD9900CCB5A9 /* Frameworks */ = {
			isa = PBXFrameworksBuildPhase;
			buildActionMask = 2147483647;
			files = (
			);
			runOnlyForDeploymentPostprocessing = 0;
		};
/* End PBXFrameworksBuildPhase section */

/* Begin PBXGroup section */
		621C6C431DE6FD9900CCB5A9 = {
			isa = PBXGroup;
			children = (
				621C6C4E1DE6FD9A00CCB5A9 /* SSanta */,
				621C6C4D1DE6FD9A00CCB5A9 /* Products */,
			);
			sourceTree = "<group>";
		};
		621C6C4D1DE6FD9A00CCB5A9 /* Products */ = {
			isa = PBXGroup;
			children = (
				621C6C4C1DE6FD9A00CCB5A9 /* SSanta */,
			);
			name = Products;
			sourceTree = "<group>";
		};
		621C6C4E1DE6FD9A00CCB5A9 /* SSanta */ = {
			isa = PBXGroup;
			children = (
				621C6C561DE70D8500CCB5A9 /* header.h */,
				621C6C4F1DE6FD9A00CCB5A9 /* main.cpp */,
			);
			path = SSanta;
			sourceTree = "<group>";
		};
/* End PBXGroup section */

/* Begin PBXNativeTarget section */
		621C6C4B1DE6FD9900CCB5A9 /* SSanta */ = {
			isa = PBXNativeTarget;
			buildConfigurationList = 621C6C531DE6FD9A00CCB5A9 /* Build configuration list for PBXNativeTarget "SSanta" */;
			buildPhases = (
				621C6C481DE6FD9900CCB5A9 /* Sources */,
				621C6C491DE6FD9900CCB5A9 /* Frameworks */,
				621C6C4A1DE6FD9900CCB5A9 /* CopyFiles */,
			);
			buildRules = (
			);
			dependencies = (
			);
			name = SSanta;
			productName = SSanta;
			productReference = 621C6C4C1DE6FD9A00CCB5A9 /* SSanta */;
			productType = "com.apple.product-type.tool";
		};
/* End PBXNativeTarget section */

/* Begin PBXProject section */
		621C6C441DE6FD9900CCB5A9 /* Project object */ = {
			isa = PBXProject;
			attributes = {
				LastUpgradeCheck = 0810;
				ORGANIZATIONNAME = WA;
				TargetAttributes = {
					621C6C4B1DE6FD9900CCB5A9 = {
						CreatedOnToolsVersion = 8.1;
						ProvisioningStyle = Automatic;
					};
				};
			};
			buildConfigurationList = 621C6C471DE6FD9900CCB5A9 /* Build configuration list for PBXProject "SSanta" */;
			compatibilityVersion = "Xcode 3.2";
			developmentRegion = English;
			hasScannedForEncodings = 0;
			knownRegions = (
				en,
			);
			mainGroup = 621C6C431DE6FD9900CCB5A9;
			productRefGroup = 621C6C4D1DE6FD9A00CCB5A9 /* Products */;
			projectDirPath = "";
			projectRoot = "";
			targets = (
				621C6C4B1DE6FD9900CCB5A9 /* SSanta */,
			);
		};
/* End PBXProject section */

/* Begin PBXSourcesBuildPhase section */
		621C6C481DE6FD9900CCB5A9 /* Sources */ = {
			isa = PBXSourcesBuildPhase;
			buildActionMask = 2147483647;
			files = (
				621C6C501DE6FD9A00CCB5A9 /* main.cpp in Sources */,
			);
			runOnlyForDeploymentPostprocessing = 0;
		};
/* End PBXSourcesBuildPhase section */

/* Begin XCBuildConfiguration section */
		621C6C511DE6FD9A00CCB5A9 /* Debug */ = {
			isa = XCBuildConfiguration;
			buildSettings = {
				ALWAYS_SEARCH_USER_PATHS = NO;
				CLANG_ANALYZER_NONNULL = YES;
				CLANG_CXX_LANGUAGE_STANDARD = "gnu++0x";
				CLANG_CXX_LIBRARY = "libc++";
				CLANG_ENABLE_MODULES = YES;
				CLANG_ENABLE_OBJC_ARC = YES;
				CLANG_WARN_BOOL_CONVERSION = YES;
				CLANG_WARN_CONSTANT_CONVERSION = YES;
				CLANG_WARN_DIRECT_OBJC_ISA_USAGE = YES_ERROR;
				CLANG_WARN_DOCUMENTATION_COMMENTS = YES;
				CLANG_WARN_EMPTY_BODY = YES;
				CLANG_WARN_ENUM_CONVERSION = YES;
				CLANG_WARN_INFINITE_RECURSION = YES;
				CLANG_WARN_INT_CONVERSION = YES;
				CLANG_WARN_OBJC_ROOT_CLASS = YES_ERROR;
				CLANG_WARN_SUSPICIOUS_MOVES = YES;
				CLANG_WARN_UNREACHABLE_CODE = YES;
				CLANG_WARN__DUPLICATE_METHOD_MATCH = YES;
				CODE_SIGN_IDENTITY = "-";
				COPY_PHASE_STRIP = NO;
				DEBUG_INFORMATION_FORMAT = dwarf;
				ENABLE_STRICT_OBJC_MSGSEND = YES;
				ENABLE_TESTABILITY = YES;
				GCC_C_LANGUAGE_STANDARD = gnu99;
				GCC_DYNAMIC_NO_PIC = NO;
				GCC_NO_COMMON_BLOCKS = YES;
				GCC_OPTIMIZATION_LEVEL = 0;
				GCC_PREPROCESSOR_DEFINITIONS = (
					"DEBUG=1",
					"$(inherited)",
				);
				GCC_WARN_64_TO_32_BIT_CONVERSION = YES;
				GCC_WARN_ABOUT_RETURN_TYPE = YES_ERROR;
				GCC_WARN_UNDECLARED_SELECTOR = YES;
				GCC_WARN_UNINITIALIZED_AUTOS = YES_AGGRESSIVE;
				GCC_WARN_UNUSED_FUNCTION = YES;
				GCC_WARN_UNUSED_VARIABLE = YES;
				MACOSX_DEPLOYMENT_TARGET = 10.12;
				MTL_ENABLE_DEBUG_INFO = YES;
				ONLY_ACTIVE_ARCH = YES;
				SDKROOT = macosx;
			};
			name = Debug;
		};
		621C6C521DE6FD9A00CCB5A9 /* Release */ = {
			isa = XCBuildConfiguration;
			buildSettings = {
				ALWAYS_SEARCH_USER_PATHS = NO;
				CLANG_ANALYZER_NONNULL = YES;
				CLANG_CXX_LANGUAGE_STANDARD = "gnu++0x";
				CLANG_CXX_LIBRARY = "libc++";
				CLANG_ENABLE_MODULES = YES;
				CLANG_ENABLE_OBJC_ARC = YES;
				CLANG_WARN_BOOL_CONVERSION = YES;
				CLANG_WARN_CONSTANT_CONVERSION = YES;
				CLANG_WARN_DIRECT_OBJC_ISA_USAGE = YES_ERROR;
				CLANG_WARN_DOCUMENTATION_COMMENTS = YES;
				CLANG_WARN_EMPTY_BODY = YES;
				CLANG_WARN_ENUM_CONVERSION = YES;
				CLANG_WARN_INFINITE_RECURSION = YES;
				CLANG_WARN_INT_CONVERSION = YES;
				CLANG_WARN_OBJC_ROOT_CLASS = YES_ERROR;
				CLANG_WARN_SUSPICIOUS_MOVES = YES;
				CLANG_WARN_UNREACHABLE_CODE = YES;
				CLANG_WARN__DUPLICATE_METHOD_MATCH = YES;
				CODE_SIGN_IDENTITY = "-";
				COPY_PHASE_STRIP = NO;
				DEBUG_INFORMATION_FORMAT = "dwarf-with-dsym";
				ENABLE_NS_ASSERTIONS = NO;
				ENABLE_STRICT_OBJC_MSGSEND = YES;
				GCC_C_LANGUAGE_STANDARD = gnu99;
				GCC_NO_COMMON_BLOCKS = YES;
				GCC_WARN_64_TO_32_BIT_CONVERSION = YES;
				GCC_WARN_ABOUT_RETURN_TYPE = YES_ERROR;
				GCC_WARN_UNDECLARED_SELECTOR = YES;
				GCC_WARN_UNINITIALIZED_AUTOS = YES_AGGRESSIVE;
				GCC_WARN_UNUSED_FUNCTION = YES;
				GCC_WARN_UNUSED_VARIABLE = YES;
				MACOSX_DEPLOYMENT_TARGET = 10.12;
				MTL_ENABLE_DEBUG_INFO = NO;
				SDKROOT = macosx;
			};
			name = Release;
		};
		621C6C541DE6FD9A00CCB5A9 /* Debug */ = {
			isa = XCBuildConfiguration;
			buildSettings = {
				PRODUCT_NAME = "$(TARGET_NAME)";
			};
			name = Debug;
		};
		621C6C551DE6FD9A00CCB5A9 /* Release */ = {
			isa = XCBuildConfiguration;
			buildSettings = {
				PRODUCT_NAME = "$(TARGET_NAME)";
			};
			name = Release;
		};
/* End XCBuildConfiguration section */

/* Begin XCConfigurationList section */
		621C6C471DE6FD9900CCB5A9 /* Build configuration list for PBXProject "SSanta" */ = {
			isa = XCConfigurationList;
			buildConfigurations = (
				621C6C511DE6FD9A00CCB5A9 /* Debug */,
				621C6C521DE6FD9A00CCB5A9 /* Release */,
			);
			defaultConfigurationIsVisible = 0;
			defaultConfigurationName = Release;
		};
		621C6C531DE6FD9A00CCB5A9 /* Build configuration list for PBXNativeTarget "SSanta" */ = {
			isa = XCConfigurationList;
			buildConfigurations = (
				621C6C541DE6FD9A00CCB5A9 /* Debug */,
				621C6C551DE6FD9A00CCB5A9 /* Release */,
			);
			defaultConfigurationIsVisible = 0;
			defaultConfigurationName = Release;
		};
/* End XCConfigurationList section */
	};
	rootObject = 621C6C441DE6FD9900CCB5A9 /* Project object */;
}
